
Microsoft Visual Studio Solution File, Format Version 12.00
# Visual Studio Version 16
VisualStudioVersion = 16.0.31829.152
MinimumVisualStudioVersion = 10.0.40219.1
Project("{FAE04EC0-301F-11D3-BF4B-00C04F79EFBC}") = "WB Plugin", "Nick's Plugin\WB Plugin.csproj", "{7170EBC1-2F0F-4771-8246-E0F31DABD70E}"
EndProject
Project("{FAE04EC0-301F-11D3-BF4B-00C04F79EFBC}") = "WBPlugin Tests", "WBPlugin Tests\WBPlugin Tests.csproj", "{0E6A4D0A-A7D1-4456-8238-C79F04FA95F1}"
	ProjectSection(ProjectDependencies) = postProject
		{7170EBC1-2F0F-4771-8246-E0F31DABD70E} = {7170EBC1-2F0F-4771-8246-E0F31DABD70E}
	EndProjectSection
EndProject
Global
	GlobalSection(SolutionConfigurationPlatforms) = preSolution
		Debug Core Console|Any CPU = Debug Core Console|Any CPU
		Debug|Any CPU = Debug|Any CPU
		Release Core Console|Any CPU = Release Core Console|Any CPU
		Release|Any CPU = Release|Any CPU
	EndGlobalSection
	GlobalSection(ProjectConfigurationPlatforms) = postSolution
		{7170EBC1-2F0F-4771-8246-E0F31DABD70E}.Debug Core Console|Any CPU.ActiveCfg = Debug|Any CPU
		{7170EBC1-2F0F-4771-8246-E0F31DABD70E}.Debug Core Console|Any CPU.Build.0 = Debug|Any CPU
		{7170EBC1-2F0F-4771-8246-E0F31DABD70E}.Debug|Any CPU.ActiveCfg = Debug|Any CPU
		{7170EBC1-2F0F-4771-8246-E0F31DABD70E}.Debug|Any CPU.Build.0 = Debug|Any CPU
		{7170EBC1-2F0F-4771-8246-E0F31DABD70E}.Release Core Console|Any CPU.ActiveCfg = Release|Any CPU
		{7170EBC1-2F0F-4771-8246-E0F31DABD70E}.Release Core Console|Any CPU.Build.0 = Release|Any CPU
		{7170EBC1-2F0F-4771-8246-E0F31DABD70E}.Release|Any CPU.ActiveCfg = Release|Any CPU
		{7170EBC1-2F0F-4771-8246-E0F31DABD70E}.Release|Any CPU.Build.0 = Release|Any CPU
		{0E6A4D0A-A7D1-4456-8238-C79F04FA95F1}.Debug Core Console|Any CPU.ActiveCfg = Debug|Any CPU
		{0E6A4D0A-A7D1-4456-8238-C79F04FA95F1}.Debug Core Console|Any CPU.Build.0 = Debug|Any CPU
		{0E6A4D0A-A7D1-4456-8238-C79F04FA95F1}.Debug|Any CPU.ActiveCfg = Debug|Any CPU
		{0E6A4D0A-A7D1-4456-8238-C79F04FA95F1}.Debug|Any CPU.Build.0 = Debug|Any CPU
		{0E6A4D0A-A7D1-4456-8238-C79F04FA95F1}.Release Core Console|Any CPU.ActiveCfg = Release|Any CPU
		{0E6A4D0A-A7D1-4456-8238-C79F04FA95F1}.Release Core Console|Any CPU.Build.0 = Release|Any CPU
		{0E6A4D0A-A7D1-4456-8238-C79F04FA95F1}.Release|Any CPU.ActiveCfg = Release|Any CPU
		{0E6A4D0A-A7D1-4456-8238-C79F04FA95F1}.Release|Any CPU.Build.0 = Release|Any CPU
	EndGlobalSection
	GlobalSection(SolutionProperties) = preSolution
		HideSolutionNode = FALSE
	EndGlobalSection
	GlobalSection(ExtensibilityGlobals) = postSolution
		SolutionGuid = {A45EF798-4C01-4F2C-B333-8B83E420B370}
	EndGlobalSection
EndGlobal
